
Microsoft Visual Studio Solution File, Format Version 12.00
# Visual Studio 15
VisualStudioVersion = 15.0.28010.2041
MinimumVisualStudioVersion = 10.0.40219.1
Project("{9A19103F-16F7-4668-BE54-9A1E7A4F7556}") = "Task 1", "Task 1\Task 1.csproj", "{68261958-D662-40FB-8149-DCB06DF337BD}"
EndProject
Project("{9A19103F-16F7-4668-BE54-9A1E7A4F7556}") = "Task 2", "Task 2\Task 2.csproj", "{558E6E93-4024-45D0-9A58-B7AC4AD71074}"
EndProject
Project("{9A19103F-16F7-4668-BE54-9A1E7A4F7556}") = "Task 3", "Task 3\Task 3.csproj", "{BBF47FC7-8983-437F-9480-8C18234F0257}"
EndProject
Project("{9A19103F-16F7-4668-BE54-9A1E7A4F7556}") = "Task 4", "Task 4\Task 4.csproj", "{79D7B09A-4851-49A3-BD8C-C51337A8B00B}"
EndProject
Project("{9A19103F-16F7-4668-BE54-9A1E7A4F7556}") = "Task 5", "Task 5\Task 5.csproj", "{A5EE4CED-63B0-40DE-AF5A-B3DD2334F603}"
EndProject
Project("{9A19103F-16F7-4668-BE54-9A1E7A4F7556}") = "Task 6", "Task 6\Task 6.csproj", "{6C587842-32A9-4387-920C-4CAF586E83D2}"
EndProject
Project("{9A19103F-16F7-4668-BE54-9A1E7A4F7556}") = "Task 7", "Task 7\Task 7.csproj", "{50361737-0D35-4E8F-A88E-380EF685FEDE}"
EndProject
Project("{9A19103F-16F7-4668-BE54-9A1E7A4F7556}") = "Task 8", "Task 8\Task 8.csproj", "{0B489233-D94C-4809-AF57-3506887BEDE1}"
EndProject
Project("{9A19103F-16F7-4668-BE54-9A1E7A4F7556}") = "Task 9", "Task 9\Task 9.csproj", "{839ED032-EFC0-4B50-AAE1-FC6830AE6085}"
EndProject
Project("{9A19103F-16F7-4668-BE54-9A1E7A4F7556}") = "Task 10", "Task 10\Task 10.csproj", "{5FF088B0-2C4F-493B-947D-E16906FBDA5A}"
EndProject
Project("{FAE04EC0-301F-11D3-BF4B-00C04F79EFBC}") = "Task 11", "Task 11\Task 11.csproj", "{90F85EB5-D3ED-4268-AD01-DF92D3DC1A22}"
EndProject
Project("{FAE04EC0-301F-11D3-BF4B-00C04F79EFBC}") = "Task 12", "Task 12\Task 12.csproj", "{D35D9DB8-4E2B-4964-BE33-0049A03E91CD}"
EndProject
Project("{FAE04EC0-301F-11D3-BF4B-00C04F79EFBC}") = "Task 13", "Task 13\Task 13.csproj", "{E29CAF31-3B2A-4DD8-B587-737F1351221E}"
EndProject
Project("{FAE04EC0-301F-11D3-BF4B-00C04F79EFBC}") = "Task 14", "Task 14\Task 14.csproj", "{5E8C2EB1-9A4A-4C3A-A155-F3B9BBC49275}"
EndProject
Project("{FAE04EC0-301F-11D3-BF4B-00C04F79EFBC}") = "Task 15", "Task 15\Task 15.csproj", "{ADFAF915-F7AD-4D52-86E0-92DF537DDE86}"
EndProject
Project("{FAE04EC0-301F-11D3-BF4B-00C04F79EFBC}") = "Task 16", "Task 16\Task 16.csproj", "{0C617158-48D2-4E3E-BA87-9CFD98E03C28}"
EndProject
Global
	GlobalSection(SolutionConfigurationPlatforms) = preSolution
		Debug|Any CPU = Debug|Any CPU
		Release|Any CPU = Release|Any CPU
	EndGlobalSection
	GlobalSection(ProjectConfigurationPlatforms) = postSolution
		{68261958-D662-40FB-8149-DCB06DF337BD}.Debug|Any CPU.ActiveCfg = Debug|Any CPU
		{68261958-D662-40FB-8149-DCB06DF337BD}.Debug|Any CPU.Build.0 = Debug|Any CPU
		{68261958-D662-40FB-8149-DCB06DF337BD}.Release|Any CPU.ActiveCfg = Release|Any CPU
		{68261958-D662-40FB-8149-DCB06DF337BD}.Release|Any CPU.Build.0 = Release|Any CPU
		{558E6E93-4024-45D0-9A58-B7AC4AD71074}.Debug|Any CPU.ActiveCfg = Debug|Any CPU
		{558E6E93-4024-45D0-9A58-B7AC4AD71074}.Debug|Any CPU.Build.0 = Debug|Any CPU
		{558E6E93-4024-45D0-9A58-B7AC4AD71074}.Release|Any CPU.ActiveCfg = Release|Any CPU
		{558E6E93-4024-45D0-9A58-B7AC4AD71074}.Release|Any CPU.Build.0 = Release|Any CPU
		{BBF47FC7-8983-437F-9480-8C18234F0257}.Debug|Any CPU.ActiveCfg = Debug|Any CPU
		{BBF47FC7-8983-437F-9480-8C18234F0257}.Debug|Any CPU.Build.0 = Debug|Any CPU
		{BBF47FC7-8983-437F-9480-8C18234F0257}.Release|Any CPU.ActiveCfg = Release|Any CPU
		{BBF47FC7-8983-437F-9480-8C18234F0257}.Release|Any CPU.Build.0 = Release|Any CPU
		{79D7B09A-4851-49A3-BD8C-C51337A8B00B}.Debug|Any CPU.ActiveCfg = Debug|Any CPU
		{79D7B09A-4851-49A3-BD8C-C51337A8B00B}.Debug|Any CPU.Build.0 = Debug|Any CPU
		{79D7B09A-4851-49A3-BD8C-C51337A8B00B}.Release|Any CPU.ActiveCfg = Release|Any CPU
		{79D7B09A-4851-49A3-BD8C-C51337A8B00B}.Release|Any CPU.Build.0 = Release|Any CPU
		{A5EE4CED-63B0-40DE-AF5A-B3DD2334F603}.Debug|Any CPU.ActiveCfg = Debug|Any CPU
		{A5EE4CED-63B0-40DE-AF5A-B3DD2334F603}.Debug|Any CPU.Build.0 = Debug|Any CPU
		{A5EE4CED-63B0-40DE-AF5A-B3DD2334F603}.Release|Any CPU.ActiveCfg = Release|Any CPU
		{A5EE4CED-63B0-40DE-AF5A-B3DD2334F603}.Release|Any CPU.Build.0 = Release|Any CPU
		{6C587842-32A9-4387-920C-4CAF586E83D2}.Debug|Any CPU.ActiveCfg = Debug|Any CPU
		{6C587842-32A9-4387-920C-4CAF586E83D2}.Debug|Any CPU.Build.0 = Debug|Any CPU
		{6C587842-32A9-4387-920C-4CAF586E83D2}.Release|Any CPU.ActiveCfg = Release|Any CPU
		{6C587842-32A9-4387-920C-4CAF586E83D2}.Release|Any CPU.Build.0 = Release|Any CPU
		{50361737-0D35-4E8F-A88E-380EF685FEDE}.Debug|Any CPU.ActiveCfg = Debug|Any CPU
		{50361737-0D35-4E8F-A88E-380EF685FEDE}.Debug|Any CPU.Build.0 = Debug|Any CPU
		{50361737-0D35-4E8F-A88E-380EF685FEDE}.Release|Any CPU.ActiveCfg = Release|Any CPU
		{50361737-0D35-4E8F-A88E-380EF685FEDE}.Release|Any CPU.Build.0 = Release|Any CPU
		{0B489233-D94C-4809-AF57-3506887BEDE1}.Debug|Any CPU.ActiveCfg = Debug|Any CPU
		{0B489233-D94C-4809-AF57-3506887BEDE1}.Debug|Any CPU.Build.0 = Debug|Any CPU
		{0B489233-D94C-4809-AF57-3506887BEDE1}.Release|Any CPU.ActiveCfg = Release|Any CPU
		{0B489233-D94C-4809-AF57-3506887BEDE1}.Release|Any CPU.Build.0 = Release|Any CPU
		{839ED032-EFC0-4B50-AAE1-FC6830AE6085}.Debug|Any CPU.ActiveCfg = Debug|Any CPU
		{839ED032-EFC0-4B50-AAE1-FC6830AE6085}.Debug|Any CPU.Build.0 = Debug|Any CPU
		{839ED032-EFC0-4B50-AAE1-FC6830AE6085}.Release|Any CPU.ActiveCfg = Release|Any CPU
		{839ED032-EFC0-4B50-AAE1-FC6830AE6085}.Release|Any CPU.Build.0 = Release|Any CPU
		{5FF088B0-2C4F-493B-947D-E16906FBDA5A}.Debug|Any CPU.ActiveCfg = Debug|Any CPU
		{5FF088B0-2C4F-493B-947D-E16906FBDA5A}.Debug|Any CPU.Build.0 = Debug|Any CPU
		{5FF088B0-2C4F-493B-947D-E16906FBDA5A}.Release|Any CPU.ActiveCfg = Release|Any CPU
		{5FF088B0-2C4F-493B-947D-E16906FBDA5A}.Release|Any CPU.Build.0 = Release|Any CPU
		{90F85EB5-D3ED-4268-AD01-DF92D3DC1A22}.Debug|Any CPU.ActiveCfg = Debug|Any CPU
		{90F85EB5-D3ED-4268-AD01-DF92D3DC1A22}.Debug|Any CPU.Build.0 = Debug|Any CPU
		{90F85EB5-D3ED-4268-AD01-DF92D3DC1A22}.Release|Any CPU.ActiveCfg = Release|Any CPU
		{90F85EB5-D3ED-4268-AD01-DF92D3DC1A22}.Release|Any CPU.Build.0 = Release|Any CPU
		{D35D9DB8-4E2B-4964-BE33-0049A03E91CD}.Debug|Any CPU.ActiveCfg = Debug|Any CPU
		{D35D9DB8-4E2B-4964-BE33-0049A03E91CD}.Debug|Any CPU.Build.0 = Debug|Any CPU
		{D35D9DB8-4E2B-4964-BE33-0049A03E91CD}.Release|Any CPU.ActiveCfg = Release|Any CPU
		{D35D9DB8-4E2B-4964-BE33-0049A03E91CD}.Release|Any CPU.Build.0 = Release|Any CPU
		{E29CAF31-3B2A-4DD8-B587-737F1351221E}.Debug|Any CPU.ActiveCfg = Debug|Any CPU
		{E29CAF31-3B2A-4DD8-B587-737F1351221E}.Debug|Any CPU.Build.0 = Debug|Any CPU
		{E29CAF31-3B2A-4DD8-B587-737F1351221E}.Release|Any CPU.ActiveCfg = Release|Any CPU
		{E29CAF31-3B2A-4DD8-B587-737F1351221E}.Release|Any CPU.Build.0 = Release|Any CPU
		{5E8C2EB1-9A4A-4C3A-A155-F3B9BBC49275}.Debug|Any CPU.ActiveCfg = Debug|Any CPU
		{5E8C2EB1-9A4A-4C3A-A155-F3B9BBC49275}.Debug|Any CPU.Build.0 = Debug|Any CPU
		{5E8C2EB1-9A4A-4C3A-A155-F3B9BBC49275}.Release|Any CPU.ActiveCfg = Release|Any CPU
		{5E8C2EB1-9A4A-4C3A-A155-F3B9BBC49275}.Release|Any CPU.Build.0 = Release|Any CPU
		{ADFAF915-F7AD-4D52-86E0-92DF537DDE86}.Debug|Any CPU.ActiveCfg = Debug|Any CPU
		{ADFAF915-F7AD-4D52-86E0-92DF537DDE86}.Debug|Any CPU.Build.0 = Debug|Any CPU
		{ADFAF915-F7AD-4D52-86E0-92DF537DDE86}.Release|Any CPU.ActiveCfg = Release|Any CPU
		{ADFAF915-F7AD-4D52-86E0-92DF537DDE86}.Release|Any CPU.Build.0 = Release|Any CPU
		{0C617158-48D2-4E3E-BA87-9CFD98E03C28}.Debug|Any CPU.ActiveCfg = Debug|Any CPU
		{0C617158-48D2-4E3E-BA87-9CFD98E03C28}.Debug|Any CPU.Build.0 = Debug|Any CPU
		{0C617158-48D2-4E3E-BA87-9CFD98E03C28}.Release|Any CPU.ActiveCfg = Release|Any CPU
		{0C617158-48D2-4E3E-BA87-9CFD98E03C28}.Release|Any CPU.Build.0 = Release|Any CPU
	EndGlobalSection
	GlobalSection(SolutionProperties) = preSolution
		HideSolutionNode = FALSE
	EndGlobalSection
	GlobalSection(ExtensibilityGlobals) = postSolution
		SolutionGuid = {B51EEA45-389B-4599-B965-3BCDF2EB2729}
	EndGlobalSection
EndGlobal
