
Microsoft Visual Studio Solution File, Format Version 12.00
# Visual Studio 15
VisualStudioVersion = 15.0.28010.2041
MinimumVisualStudioVersion = 10.0.40219.1
Project("{9A19103F-16F7-4668-BE54-9A1E7A4F7556}") = "Task 1", "Task 1\Task 1.csproj", "{13FA1455-4C33-41F9-961E-573E45498004}"
EndProject
Project("{FAE04EC0-301F-11D3-BF4B-00C04F79EFBC}") = "Task 2", "Task 2\Task 2.csproj", "{6A4A59B7-9479-4F98-B211-9531359EC9B1}"
EndProject
Project("{FAE04EC0-301F-11D3-BF4B-00C04F79EFBC}") = "Task 3", "Task 3\Task 3.csproj", "{B53C1284-4C51-4DD5-B8E7-906DCF7EE3A6}"
EndProject
Project("{FAE04EC0-301F-11D3-BF4B-00C04F79EFBC}") = "Task 4", "Task 4\Task 4.csproj", "{A4B882C4-4B11-4CA1-8EC9-06C58D34C395}"
EndProject
Project("{FAE04EC0-301F-11D3-BF4B-00C04F79EFBC}") = "Task 5", "Task 5\Task 5.csproj", "{FB03E752-38B6-472B-B10B-6A8591BFE6C1}"
EndProject
Project("{FAE04EC0-301F-11D3-BF4B-00C04F79EFBC}") = "Task 6", "Task 6\Task 6.csproj", "{829303CC-6D3B-4C53-803C-D7E1EE1BEE03}"
EndProject
Project("{FAE04EC0-301F-11D3-BF4B-00C04F79EFBC}") = "Task 7", "Task 7\Task 7.csproj", "{7E106962-74A8-4196-A755-B55CD384E520}"
EndProject
Project("{FAE04EC0-301F-11D3-BF4B-00C04F79EFBC}") = "Task 8", "Task 8\Task 8.csproj", "{4FDFF744-2F2E-439E-92C1-785A81756C7F}"
EndProject
Project("{FAE04EC0-301F-11D3-BF4B-00C04F79EFBC}") = "Task 9", "Task 9\Task 9.csproj", "{D45D2AB0-1594-42D3-ABB6-5096484ED064}"
EndProject
Project("{FAE04EC0-301F-11D3-BF4B-00C04F79EFBC}") = "Task 10", "Task 10\Task 10.csproj", "{11CD20B8-61CB-4D2B-AF7C-39AED464CFE1}"
EndProject
Project("{FAE04EC0-301F-11D3-BF4B-00C04F79EFBC}") = "Task 11", "Task 11\Task 11.csproj", "{F65E392F-CC36-47D2-9BC1-EADBD76A049D}"
EndProject
Project("{FAE04EC0-301F-11D3-BF4B-00C04F79EFBC}") = "Task 12", "Task 12\Task 12.csproj", "{DBDAC154-AD71-453F-B8BF-3635E4F8C725}"
EndProject
Project("{FAE04EC0-301F-11D3-BF4B-00C04F79EFBC}") = "Task 13", "Task 13\Task 13.csproj", "{D73E35D0-EFB2-4D0A-8DF6-9FBD0F0376B8}"
EndProject
Project("{FAE04EC0-301F-11D3-BF4B-00C04F79EFBC}") = "Task 14", "Task 14\Task 14.csproj", "{DDE8D34C-0E0F-472E-84AD-B920CF5A96DD}"
EndProject
Project("{FAE04EC0-301F-11D3-BF4B-00C04F79EFBC}") = "Task 15", "Task 15\Task 15.csproj", "{936B29D4-C7A8-4B1D-A001-6E359268369D}"
EndProject
Global
	GlobalSection(SolutionConfigurationPlatforms) = preSolution
		Debug|Any CPU = Debug|Any CPU
		Release|Any CPU = Release|Any CPU
	EndGlobalSection
	GlobalSection(ProjectConfigurationPlatforms) = postSolution
		{13FA1455-4C33-41F9-961E-573E45498004}.Debug|Any CPU.ActiveCfg = Debug|Any CPU
		{13FA1455-4C33-41F9-961E-573E45498004}.Debug|Any CPU.Build.0 = Debug|Any CPU
		{13FA1455-4C33-41F9-961E-573E45498004}.Release|Any CPU.ActiveCfg = Release|Any CPU
		{13FA1455-4C33-41F9-961E-573E45498004}.Release|Any CPU.Build.0 = Release|Any CPU
		{6A4A59B7-9479-4F98-B211-9531359EC9B1}.Debug|Any CPU.ActiveCfg = Debug|Any CPU
		{6A4A59B7-9479-4F98-B211-9531359EC9B1}.Debug|Any CPU.Build.0 = Debug|Any CPU
		{6A4A59B7-9479-4F98-B211-9531359EC9B1}.Release|Any CPU.ActiveCfg = Release|Any CPU
		{6A4A59B7-9479-4F98-B211-9531359EC9B1}.Release|Any CPU.Build.0 = Release|Any CPU
		{B53C1284-4C51-4DD5-B8E7-906DCF7EE3A6}.Debug|Any CPU.ActiveCfg = Debug|Any CPU
		{B53C1284-4C51-4DD5-B8E7-906DCF7EE3A6}.Debug|Any CPU.Build.0 = Debug|Any CPU
		{B53C1284-4C51-4DD5-B8E7-906DCF7EE3A6}.Release|Any CPU.ActiveCfg = Release|Any CPU
		{B53C1284-4C51-4DD5-B8E7-906DCF7EE3A6}.Release|Any CPU.Build.0 = Release|Any CPU
		{A4B882C4-4B11-4CA1-8EC9-06C58D34C395}.Debug|Any CPU.ActiveCfg = Debug|Any CPU
		{A4B882C4-4B11-4CA1-8EC9-06C58D34C395}.Debug|Any CPU.Build.0 = Debug|Any CPU
		{A4B882C4-4B11-4CA1-8EC9-06C58D34C395}.Release|Any CPU.ActiveCfg = Release|Any CPU
		{A4B882C4-4B11-4CA1-8EC9-06C58D34C395}.Release|Any CPU.Build.0 = Release|Any CPU
		{FB03E752-38B6-472B-B10B-6A8591BFE6C1}.Debug|Any CPU.ActiveCfg = Debug|Any CPU
		{FB03E752-38B6-472B-B10B-6A8591BFE6C1}.Debug|Any CPU.Build.0 = Debug|Any CPU
		{FB03E752-38B6-472B-B10B-6A8591BFE6C1}.Release|Any CPU.ActiveCfg = Release|Any CPU
		{FB03E752-38B6-472B-B10B-6A8591BFE6C1}.Release|Any CPU.Build.0 = Release|Any CPU
		{829303CC-6D3B-4C53-803C-D7E1EE1BEE03}.Debug|Any CPU.ActiveCfg = Debug|Any CPU
		{829303CC-6D3B-4C53-803C-D7E1EE1BEE03}.Debug|Any CPU.Build.0 = Debug|Any CPU
		{829303CC-6D3B-4C53-803C-D7E1EE1BEE03}.Release|Any CPU.ActiveCfg = Release|Any CPU
		{829303CC-6D3B-4C53-803C-D7E1EE1BEE03}.Release|Any CPU.Build.0 = Release|Any CPU
		{7E106962-74A8-4196-A755-B55CD384E520}.Debug|Any CPU.ActiveCfg = Debug|Any CPU
		{7E106962-74A8-4196-A755-B55CD384E520}.Debug|Any CPU.Build.0 = Debug|Any CPU
		{7E106962-74A8-4196-A755-B55CD384E520}.Release|Any CPU.ActiveCfg = Release|Any CPU
		{7E106962-74A8-4196-A755-B55CD384E520}.Release|Any CPU.Build.0 = Release|Any CPU
		{4FDFF744-2F2E-439E-92C1-785A81756C7F}.Debug|Any CPU.ActiveCfg = Debug|Any CPU
		{4FDFF744-2F2E-439E-92C1-785A81756C7F}.Debug|Any CPU.Build.0 = Debug|Any CPU
		{4FDFF744-2F2E-439E-92C1-785A81756C7F}.Release|Any CPU.ActiveCfg = Release|Any CPU
		{4FDFF744-2F2E-439E-92C1-785A81756C7F}.Release|Any CPU.Build.0 = Release|Any CPU
		{D45D2AB0-1594-42D3-ABB6-5096484ED064}.Debug|Any CPU.ActiveCfg = Debug|Any CPU
		{D45D2AB0-1594-42D3-ABB6-5096484ED064}.Debug|Any CPU.Build.0 = Debug|Any CPU
		{D45D2AB0-1594-42D3-ABB6-5096484ED064}.Release|Any CPU.ActiveCfg = Release|Any CPU
		{D45D2AB0-1594-42D3-ABB6-5096484ED064}.Release|Any CPU.Build.0 = Release|Any CPU
		{11CD20B8-61CB-4D2B-AF7C-39AED464CFE1}.Debug|Any CPU.ActiveCfg = Debug|Any CPU
		{11CD20B8-61CB-4D2B-AF7C-39AED464CFE1}.Debug|Any CPU.Build.0 = Debug|Any CPU
		{11CD20B8-61CB-4D2B-AF7C-39AED464CFE1}.Release|Any CPU.ActiveCfg = Release|Any CPU
		{11CD20B8-61CB-4D2B-AF7C-39AED464CFE1}.Release|Any CPU.Build.0 = Release|Any CPU
		{F65E392F-CC36-47D2-9BC1-EADBD76A049D}.Debug|Any CPU.ActiveCfg = Debug|Any CPU
		{F65E392F-CC36-47D2-9BC1-EADBD76A049D}.Debug|Any CPU.Build.0 = Debug|Any CPU
		{F65E392F-CC36-47D2-9BC1-EADBD76A049D}.Release|Any CPU.ActiveCfg = Release|Any CPU
		{F65E392F-CC36-47D2-9BC1-EADBD76A049D}.Release|Any CPU.Build.0 = Release|Any CPU
		{DBDAC154-AD71-453F-B8BF-3635E4F8C725}.Debug|Any CPU.ActiveCfg = Debug|Any CPU
		{DBDAC154-AD71-453F-B8BF-3635E4F8C725}.Debug|Any CPU.Build.0 = Debug|Any CPU
		{DBDAC154-AD71-453F-B8BF-3635E4F8C725}.Release|Any CPU.ActiveCfg = Release|Any CPU
		{DBDAC154-AD71-453F-B8BF-3635E4F8C725}.Release|Any CPU.Build.0 = Release|Any CPU
		{D73E35D0-EFB2-4D0A-8DF6-9FBD0F0376B8}.Debug|Any CPU.ActiveCfg = Debug|Any CPU
		{D73E35D0-EFB2-4D0A-8DF6-9FBD0F0376B8}.Debug|Any CPU.Build.0 = Debug|Any CPU
		{D73E35D0-EFB2-4D0A-8DF6-9FBD0F0376B8}.Release|Any CPU.ActiveCfg = Release|Any CPU
		{D73E35D0-EFB2-4D0A-8DF6-9FBD0F0376B8}.Release|Any CPU.Build.0 = Release|Any CPU
		{DDE8D34C-0E0F-472E-84AD-B920CF5A96DD}.Debug|Any CPU.ActiveCfg = Debug|Any CPU
		{DDE8D34C-0E0F-472E-84AD-B920CF5A96DD}.Debug|Any CPU.Build.0 = Debug|Any CPU
		{DDE8D34C-0E0F-472E-84AD-B920CF5A96DD}.Release|Any CPU.ActiveCfg = Release|Any CPU
		{DDE8D34C-0E0F-472E-84AD-B920CF5A96DD}.Release|Any CPU.Build.0 = Release|Any CPU
		{936B29D4-C7A8-4B1D-A001-6E359268369D}.Debug|Any CPU.ActiveCfg = Debug|Any CPU
		{936B29D4-C7A8-4B1D-A001-6E359268369D}.Debug|Any CPU.Build.0 = Debug|Any CPU
		{936B29D4-C7A8-4B1D-A001-6E359268369D}.Release|Any CPU.ActiveCfg = Release|Any CPU
		{936B29D4-C7A8-4B1D-A001-6E359268369D}.Release|Any CPU.Build.0 = Release|Any CPU
	EndGlobalSection
	GlobalSection(SolutionProperties) = preSolution
		HideSolutionNode = FALSE
	EndGlobalSection
	GlobalSection(ExtensibilityGlobals) = postSolution
		SolutionGuid = {8AA72624-AAAE-4B60-92ED-0BE2D50D3E82}
	EndGlobalSection
EndGlobal
